
Microsoft Visual Studio Solution File, Format Version 12.00
# Visual Studio 15
VisualStudioVersion = 15.0.27130.2010
MinimumVisualStudioVersion = 10.0.40219.1
Project("{9A19103F-16F7-4668-BE54-9A1E7A4F7556}") = "DurableFunctionsApp", "DurableFunctionsApp\DurableFunctionsApp.csproj", "{FA95E89B-D6F3-4EDB-B430-CB7DBD200323}"
EndProject
Global
	GlobalSection(SolutionConfigurationPlatforms) = preSolution
		Debug|Any CPU = Debug|Any CPU
		Release|Any CPU = Release|Any CPU
	EndGlobalSection
	GlobalSection(ProjectConfigurationPlatforms) = postSolution
		{FA95E89B-D6F3-4EDB-B430-CB7DBD200323}.Debug|Any CPU.ActiveCfg = Debug|Any CPU
		{FA95E89B-D6F3-4EDB-B430-CB7DBD200323}.Debug|Any CPU.Build.0 = Debug|Any CPU
		{FA95E89B-D6F3-4EDB-B430-CB7DBD200323}.Release|Any CPU.ActiveCfg = Release|Any CPU
		{FA95E89B-D6F3-4EDB-B430-CB7DBD200323}.Release|Any CPU.Build.0 = Release|Any CPU
	EndGlobalSection
	GlobalSection(SolutionProperties) = preSolution
		HideSolutionNode = FALSE
	EndGlobalSection
	GlobalSection(ExtensibilityGlobals) = postSolution
		SolutionGuid = {416CEABF-C306-4C95-93F4-66FCBC50285F}
	EndGlobalSection
EndGlobal
